// !$*UTF8*$!
{
	archiveVersion = 1;
	classes = {
	};
	objectVersion = 56;
	objects = {

/* Begin PBXBuildFile section */
		A339FDA82B55DD4700BA9D93 /* CarsAppApp.swift in Sources */ = {isa = PBXBuildFile; fileRef = A339FDA72B55DD4700BA9D93 /* CarsAppApp.swift */; };
		A339FDAA2B55DD4700BA9D93 /* ContentView.swift in Sources */ = {isa = PBXBuildFile; fileRef = A339FDA92B55DD4700BA9D93 /* ContentView.swift */; };
		A339FDAC2B55DD4900BA9D93 /* Assets.xcassets in Resources */ = {isa = PBXBuildFile; fileRef = A339FDAB2B55DD4900BA9D93 /* Assets.xcassets */; };
		A339FDAF2B55DD4900BA9D93 /* Preview Assets.xcassets in Resources */ = {isa = PBXBuildFile; fileRef = A339FDAE2B55DD4900BA9D93 /* Preview Assets.xcassets */; };
		A339FDB92B55DDDD00BA9D93 /* CarBrand.swift in Sources */ = {isa = PBXBuildFile; fileRef = A339FDB82B55DDDD00BA9D93 /* CarBrand.swift */; };
		A339FDBB2B55E2FB00BA9D93 /* CarModel.swift in Sources */ = {isa = PBXBuildFile; fileRef = A339FDBA2B55E2FB00BA9D93 /* CarModel.swift */; };
		A339FDBD2B55E57600BA9D93 /* CarCatalog.swift in Sources */ = {isa = PBXBuildFile; fileRef = A339FDBC2B55E57600BA9D93 /* CarCatalog.swift */; };
		A339FDBF2B55ECE100BA9D93 /* CarCatalogView.swift in Sources */ = {isa = PBXBuildFile; fileRef = A339FDBE2B55ECE100BA9D93 /* CarCatalogView.swift */; };
		A339FDC12B55ECEA00BA9D93 /* CarModelView.swift in Sources */ = {isa = PBXBuildFile; fileRef = A339FDC02B55ECEA00BA9D93 /* CarModelView.swift */; };
		A339FDC32B55ED4200BA9D93 /* FavouritesView.swift in Sources */ = {isa = PBXBuildFile; fileRef = A339FDC22B55ED4200BA9D93 /* FavouritesView.swift */; };
		A339FDC52B55ED4D00BA9D93 /* CarsListView.swift in Sources */ = {isa = PBXBuildFile; fileRef = A339FDC42B55ED4D00BA9D93 /* CarsListView.swift */; };
/* End PBXBuildFile section */

/* Begin PBXFileReference section */
		A339FDA42B55DD4700BA9D93 /* CarsApp.app */ = {isa = PBXFileReference; explicitFileType = wrapper.application; includeInIndex = 0; path = CarsApp.app; sourceTree = BUILT_PRODUCTS_DIR; };
		A339FDA72B55DD4700BA9D93 /* CarsAppApp.swift */ = {isa = PBXFileReference; lastKnownFileType = sourcecode.swift; path = CarsAppApp.swift; sourceTree = "<group>"; };
		A339FDA92B55DD4700BA9D93 /* ContentView.swift */ = {isa = PBXFileReference; lastKnownFileType = sourcecode.swift; path = ContentView.swift; sourceTree = "<group>"; };
		A339FDAB2B55DD4900BA9D93 /* Assets.xcassets */ = {isa = PBXFileReference; lastKnownFileType = folder.assetcatalog; path = Assets.xcassets; sourceTree = "<group>"; };
		A339FDAE2B55DD4900BA9D93 /* Preview Assets.xcassets */ = {isa = PBXFileReference; lastKnownFileType = folder.assetcatalog; path = "Preview Assets.xcassets"; sourceTree = "<group>"; };
		A339FDB82B55DDDD00BA9D93 /* CarBrand.swift */ = {isa = PBXFileReference; lastKnownFileType = sourcecode.swift; path = CarBrand.swift; sourceTree = "<group>"; };
		A339FDBA2B55E2FB00BA9D93 /* CarModel.swift */ = {isa = PBXFileReference; lastKnownFileType = sourcecode.swift; path = CarModel.swift; sourceTree = "<group>"; };
		A339FDBC2B55E57600BA9D93 /* CarCatalog.swift */ = {isa = PBXFileReference; lastKnownFileType = sourcecode.swift; path = CarCatalog.swift; sourceTree = "<group>"; };
		A339FDBE2B55ECE100BA9D93 /* CarCatalogView.swift */ = {isa = PBXFileReference; lastKnownFileType = sourcecode.swift; path = CarCatalogView.swift; sourceTree = "<group>"; };
		A339FDC02B55ECEA00BA9D93 /* CarModelView.swift */ = {isa = PBXFileReference; lastKnownFileType = sourcecode.swift; path = CarModelView.swift; sourceTree = "<group>"; };
		A339FDC22B55ED4200BA9D93 /* FavouritesView.swift */ = {isa = PBXFileReference; lastKnownFileType = sourcecode.swift; path = FavouritesView.swift; sourceTree = "<group>"; };
		A339FDC42B55ED4D00BA9D93 /* CarsListView.swift */ = {isa = PBXFileReference; lastKnownFileType = sourcecode.swift; path = CarsListView.swift; sourceTree = "<group>"; };
/* End PBXFileReference section */

/* Begin PBXFrameworksBuildPhase section */
		A339FDA12B55DD4700BA9D93 /* Frameworks */ = {
			isa = PBXFrameworksBuildPhase;
			buildActionMask = 2147483647;
			files = (
			);
			runOnlyForDeploymentPostprocessing = 0;
		};
/* End PBXFrameworksBuildPhase section */

/* Begin PBXGroup section */
		A339FD9B2B55DD4700BA9D93 = {
			isa = PBXGroup;
			children = (
				A339FDA62B55DD4700BA9D93 /* CarsApp */,
				A339FDA52B55DD4700BA9D93 /* Products */,
			);
			sourceTree = "<group>";
		};
		A339FDA52B55DD4700BA9D93 /* Products */ = {
			isa = PBXGroup;
			children = (
				A339FDA42B55DD4700BA9D93 /* CarsApp.app */,
			);
			name = Products;
			sourceTree = "<group>";
		};
		A339FDA62B55DD4700BA9D93 /* CarsApp */ = {
			isa = PBXGroup;
			children = (
				A339FDA72B55DD4700BA9D93 /* CarsAppApp.swift */,
				A339FDB72B55DD9800BA9D93 /* TODO */,
				A339FDB52B55DD6100BA9D93 /* UI */,
				A339FDAB2B55DD4900BA9D93 /* Assets.xcassets */,
				A339FDAD2B55DD4900BA9D93 /* Preview Content */,
			);
			path = CarsApp;
			sourceTree = "<group>";
		};
		A339FDAD2B55DD4900BA9D93 /* Preview Content */ = {
			isa = PBXGroup;
			children = (
				A339FDAE2B55DD4900BA9D93 /* Preview Assets.xcassets */,
			);
			path = "Preview Content";
			sourceTree = "<group>";
		};
		A339FDB52B55DD6100BA9D93 /* UI */ = {
			isa = PBXGroup;
			children = (
				A339FDA92B55DD4700BA9D93 /* ContentView.swift */,
				A339FDBE2B55ECE100BA9D93 /* CarCatalogView.swift */,
				A339FDC02B55ECEA00BA9D93 /* CarModelView.swift */,
				A339FDC22B55ED4200BA9D93 /* FavouritesView.swift */,
				A339FDC42B55ED4D00BA9D93 /* CarsListView.swift */,
			);
			path = UI;
			sourceTree = "<group>";
		};
		A339FDB72B55DD9800BA9D93 /* TODO */ = {
			isa = PBXGroup;
			children = (
				A339FDB82B55DDDD00BA9D93 /* CarBrand.swift */,
				A339FDBA2B55E2FB00BA9D93 /* CarModel.swift */,
				A339FDBC2B55E57600BA9D93 /* CarCatalog.swift */,
			);
			path = TODO;
			sourceTree = "<group>";
		};
/* End PBXGroup section */

/* Begin PBXNativeTarget section */
		A339FDA32B55DD4700BA9D93 /* CarsApp */ = {
			isa = PBXNativeTarget;
			buildConfigurationList = A339FDB22B55DD4900BA9D93 /* Build configuration list for PBXNativeTarget "CarsApp" */;
			buildPhases = (
				A339FDA02B55DD4700BA9D93 /* Sources */,
				A339FDA12B55DD4700BA9D93 /* Frameworks */,
				A339FDA22B55DD4700BA9D93 /* Resources */,
			);
			buildRules = (
			);
			dependencies = (
			);
			name = CarsApp;
			productName = CarsApp;
			productReference = A339FDA42B55DD4700BA9D93 /* CarsApp.app */;
			productType = "com.apple.product-type.application";
		};
/* End PBXNativeTarget section */

/* Begin PBXProject section */
		A339FD9C2B55DD4700BA9D93 /* Project object */ = {
			isa = PBXProject;
			attributes = {
				BuildIndependentTargetsInParallel = 1;
				LastSwiftUpdateCheck = 1520;
				LastUpgradeCheck = 1520;
				TargetAttributes = {
					A339FDA32B55DD4700BA9D93 = {
						CreatedOnToolsVersion = 15.2;
					};
				};
			};
			buildConfigurationList = A339FD9F2B55DD4700BA9D93 /* Build configuration list for PBXProject "CarsApp" */;
			compatibilityVersion = "Xcode 14.0";
			developmentRegion = en;
			hasScannedForEncodings = 0;
			knownRegions = (
				en,
				Base,
			);
			mainGroup = A339FD9B2B55DD4700BA9D93;
			productRefGroup = A339FDA52B55DD4700BA9D93 /* Products */;
			projectDirPath = "";
			projectRoot = "";
			targets = (
				A339FDA32B55DD4700BA9D93 /* CarsApp */,
			);
		};
/* End PBXProject section */

/* Begin PBXResourcesBuildPhase section */
		A339FDA22B55DD4700BA9D93 /* Resources */ = {
			isa = PBXResourcesBuildPhase;
			buildActionMask = 2147483647;
			files = (
				A339FDAF2B55DD4900BA9D93 /* Preview Assets.xcassets in Resources */,
				A339FDAC2B55DD4900BA9D93 /* Assets.xcassets in Resources */,
			);
			runOnlyForDeploymentPostprocessing = 0;
		};
/* End PBXResourcesBuildPhase section */

/* Begin PBXSourcesBuildPhase section */
		A339FDA02B55DD4700BA9D93 /* Sources */ = {
			isa = PBXSourcesBuildPhase;
			buildActionMask = 2147483647;
			files = (
				A339FDBB2B55E2FB00BA9D93 /* CarModel.swift in Sources */,
				A339FDC12B55ECEA00BA9D93 /* CarModelView.swift in Sources */,
				A339FDC32B55ED4200BA9D93 /* FavouritesView.swift in Sources */,
				A339FDBD2B55E57600BA9D93 /* CarCatalog.swift in Sources */,
				A339FDAA2B55DD4700BA9D93 /* ContentView.swift in Sources */,
				A339FDC52B55ED4D00BA9D93 /* CarsListView.swift in Sources */,
				A339FDBF2B55ECE100BA9D93 /* CarCatalogView.swift in Sources */,
				A339FDB92B55DDDD00BA9D93 /* CarBrand.swift in Sources */,
				A339FDA82B55DD4700BA9D93 /* CarsAppApp.swift in Sources */,
			);
			runOnlyForDeploymentPostprocessing = 0;
		};
/* End PBXSourcesBuildPhase section */

/* Begin XCBuildConfiguration section */
		A339FDB02B55DD4900BA9D93 /* Debug */ = {
			isa = XCBuildConfiguration;
			buildSettings = {
				ALWAYS_SEARCH_USER_PATHS = NO;
				ASSETCATALOG_COMPILER_GENERATE_SWIFT_ASSET_SYMBOL_EXTENSIONS = YES;
				CLANG_ANALYZER_NONNULL = YES;
				CLANG_ANALYZER_NUMBER_OBJECT_CONVERSION = YES_AGGRESSIVE;
				CLANG_CXX_LANGUAGE_STANDARD = "gnu++20";
				CLANG_ENABLE_MODULES = YES;
				CLANG_ENABLE_OBJC_ARC = YES;
				CLANG_ENABLE_OBJC_WEAK = YES;
				CLANG_WARN_BLOCK_CAPTURE_AUTORELEASING = YES;
				CLANG_WARN_BOOL_CONVERSION = YES;
				CLANG_WARN_COMMA = YES;
				CLANG_WARN_CONSTANT_CONVERSION = YES;
				CLANG_WARN_DEPRECATED_OBJC_IMPLEMENTATIONS = YES;
				CLANG_WARN_DIRECT_OBJC_ISA_USAGE = YES_ERROR;
				CLANG_WARN_DOCUMENTATION_COMMENTS = YES;
				CLANG_WARN_EMPTY_BODY = YES;
				CLANG_WARN_ENUM_CONVERSION = YES;
				CLANG_WARN_INFINITE_RECURSION = YES;
				CLANG_WARN_INT_CONVERSION = YES;
				CLANG_WARN_NON_LITERAL_NULL_CONVERSION = YES;
				CLANG_WARN_OBJC_IMPLICIT_RETAIN_SELF = YES;
				CLANG_WARN_OBJC_LITERAL_CONVERSION = YES;
				CLANG_WARN_OBJC_ROOT_CLASS = YES_ERROR;
				CLANG_WARN_QUOTED_INCLUDE_IN_FRAMEWORK_HEADER = YES;
				CLANG_WARN_RANGE_LOOP_ANALYSIS = YES;
				CLANG_WARN_STRICT_PROTOTYPES = YES;
				CLANG_WARN_SUSPICIOUS_MOVE = YES;
				CLANG_WARN_UNGUARDED_AVAILABILITY = YES_AGGRESSIVE;
				CLANG_WARN_UNREACHABLE_CODE = YES;
				CLANG_WARN__DUPLICATE_METHOD_MATCH = YES;
				COPY_PHASE_STRIP = NO;
				DEBUG_INFORMATION_FORMAT = dwarf;
				ENABLE_STRICT_OBJC_MSGSEND = YES;
				ENABLE_TESTABILITY = YES;
				ENABLE_USER_SCRIPT_SANDBOXING = YES;
				GCC_C_LANGUAGE_STANDARD = gnu17;
				GCC_DYNAMIC_NO_PIC = NO;
				GCC_NO_COMMON_BLOCKS = YES;
				GCC_OPTIMIZATION_LEVEL = 0;
				GCC_PREPROCESSOR_DEFINITIONS = (
					"DEBUG=1",
					"$(inherited)",
				);
				GCC_WARN_64_TO_32_BIT_CONVERSION = YES;
				GCC_WARN_ABOUT_RETURN_TYPE = YES_ERROR;
				GCC_WARN_UNDECLARED_SELECTOR = YES;
				GCC_WARN_UNINITIALIZED_AUTOS = YES_AGGRESSIVE;
				GCC_WARN_UNUSED_FUNCTION = YES;
				GCC_WARN_UNUSED_VARIABLE = YES;
				IPHONEOS_DEPLOYMENT_TARGET = 17.2;
				LOCALIZATION_PREFERS_STRING_CATALOGS = YES;
				MTL_ENABLE_DEBUG_INFO = INCLUDE_SOURCE;
				MTL_FAST_MATH = YES;
				ONLY_ACTIVE_ARCH = YES;
				SDKROOT = iphoneos;
				SWIFT_ACTIVE_COMPILATION_CONDITIONS = "DEBUG $(inherited)";
				SWIFT_OPTIMIZATION_LEVEL = "-Onone";
			};
			name = Debug;
		};
		A339FDB12B55DD4900BA9D93 /* Release */ = {
			isa = XCBuildConfiguration;
			buildSettings = {
				ALWAYS_SEARCH_USER_PATHS = NO;
				ASSETCATALOG_COMPILER_GENERATE_SWIFT_ASSET_SYMBOL_EXTENSIONS = YES;
				CLANG_ANALYZER_NONNULL = YES;
				CLANG_ANALYZER_NUMBER_OBJECT_CONVERSION = YES_AGGRESSIVE;
				CLANG_CXX_LANGUAGE_STANDARD = "gnu++20";
				CLANG_ENABLE_MODULES = YES;
				CLANG_ENABLE_OBJC_ARC = YES;
				CLANG_ENABLE_OBJC_WEAK = YES;
				CLANG_WARN_BLOCK_CAPTURE_AUTORELEASING = YES;
				CLANG_WARN_BOOL_CONVERSION = YES;
				CLANG_WARN_COMMA = YES;
				CLANG_WARN_CONSTANT_CONVERSION = YES;
				CLANG_WARN_DEPRECATED_OBJC_IMPLEMENTATIONS = YES;
				CLANG_WARN_DIRECT_OBJC_ISA_USAGE = YES_ERROR;
				CLANG_WARN_DOCUMENTATION_COMMENTS = YES;
				CLANG_WARN_EMPTY_BODY = YES;
				CLANG_WARN_ENUM_CONVERSION = YES;
				CLANG_WARN_INFINITE_RECURSION = YES;
				CLANG_WARN_INT_CONVERSION = YES;
				CLANG_WARN_NON_LITERAL_NULL_CONVERSION = YES;
				CLANG_WARN_OBJC_IMPLICIT_RETAIN_SELF = YES;
				CLANG_WARN_OBJC_LITERAL_CONVERSION = YES;
				CLANG_WARN_OBJC_ROOT_CLASS = YES_ERROR;
				CLANG_WARN_QUOTED_INCLUDE_IN_FRAMEWORK_HEADER = YES;
				CLANG_WARN_RANGE_LOOP_ANALYSIS = YES;
				CLANG_WARN_STRICT_PROTOTYPES = YES;
				CLANG_WARN_SUSPICIOUS_MOVE = YES;
				CLANG_WARN_UNGUARDED_AVAILABILITY = YES_AGGRESSIVE;
				CLANG_WARN_UNREACHABLE_CODE = YES;
				CLANG_WARN__DUPLICATE_METHOD_MATCH = YES;
				COPY_PHASE_STRIP = NO;
				DEBUG_INFORMATION_FORMAT = "dwarf-with-dsym";
				ENABLE_NS_ASSERTIONS = NO;
				ENABLE_STRICT_OBJC_MSGSEND = YES;
				ENABLE_USER_SCRIPT_SANDBOXING = YES;
				GCC_C_LANGUAGE_STANDARD = gnu17;
				GCC_NO_COMMON_BLOCKS = YES;
				GCC_WARN_64_TO_32_BIT_CONVERSION = YES;
				GCC_WARN_ABOUT_RETURN_TYPE = YES_ERROR;
				GCC_WARN_UNDECLARED_SELECTOR = YES;
				GCC_WARN_UNINITIALIZED_AUTOS = YES_AGGRESSIVE;
				GCC_WARN_UNUSED_FUNCTION = YES;
				GCC_WARN_UNUSED_VARIABLE = YES;
				IPHONEOS_DEPLOYMENT_TARGET = 17.2;
				LOCALIZATION_PREFERS_STRING_CATALOGS = YES;
				MTL_ENABLE_DEBUG_INFO = NO;
				MTL_FAST_MATH = YES;
				SDKROOT = iphoneos;
				SWIFT_COMPILATION_MODE = wholemodule;
				VALIDATE_PRODUCT = YES;
			};
			name = Release;
		};
		A339FDB32B55DD4900BA9D93 /* Debug */ = {
			isa = XCBuildConfiguration;
			buildSettings = {
				ASSETCATALOG_COMPILER_APPICON_NAME = AppIcon;
				ASSETCATALOG_COMPILER_GLOBAL_ACCENT_COLOR_NAME = AccentColor;
				CODE_SIGN_STYLE = Automatic;
				CURRENT_PROJECT_VERSION = 1;
				DEVELOPMENT_ASSET_PATHS = "\"CarsApp/Preview Content\"";
				ENABLE_PREVIEWS = YES;
				GENERATE_INFOPLIST_FILE = YES;
				INFOPLIST_KEY_UIApplicationSceneManifest_Generation = YES;
				INFOPLIST_KEY_UIApplicationSupportsIndirectInputEvents = YES;
				INFOPLIST_KEY_UILaunchScreen_Generation = YES;
				INFOPLIST_KEY_UISupportedInterfaceOrientations_iPad = "UIInterfaceOrientationPortrait UIInterfaceOrientationPortraitUpsideDown UIInterfaceOrientationLandscapeLeft UIInterfaceOrientationLandscapeRight";
				INFOPLIST_KEY_UISupportedInterfaceOrientations_iPhone = "UIInterfaceOrientationPortrait UIInterfaceOrientationLandscapeLeft UIInterfaceOrientationLandscapeRight";
				LD_RUNPATH_SEARCH_PATHS = (
					"$(inherited)",
					"@executable_path/Frameworks",
				);
				MARKETING_VERSION = 1.0;
				PRODUCT_BUNDLE_IDENTIFIER = co.aalbahar.CarsApp;
				PRODUCT_NAME = "$(TARGET_NAME)";
				SWIFT_EMIT_LOC_STRINGS = YES;
				SWIFT_VERSION = 5.0;
				TARGETED_DEVICE_FAMILY = "1,2";
			};
			name = Debug;
		};
		A339FDB42B55DD4900BA9D93 /* Release */ = {
			isa = XCBuildConfiguration;
			buildSettings = {
				ASSETCATALOG_COMPILER_APPICON_NAME = AppIcon;
				ASSETCATALOG_COMPILER_GLOBAL_ACCENT_COLOR_NAME = AccentColor;
				CODE_SIGN_STYLE = Automatic;
				CURRENT_PROJECT_VERSION = 1;
				DEVELOPMENT_ASSET_PATHS = "\"CarsApp/Preview Content\"";
				ENABLE_PREVIEWS = YES;
				GENERATE_INFOPLIST_FILE = YES;
				INFOPLIST_KEY_UIApplicationSceneManifest_Generation = YES;
				INFOPLIST_KEY_UIApplicationSupportsIndirectInputEvents = YES;
				INFOPLIST_KEY_UILaunchScreen_Generation = YES;
				INFOPLIST_KEY_UISupportedInterfaceOrientations_iPad = "UIInterfaceOrientationPortrait UIInterfaceOrientationPortraitUpsideDown UIInterfaceOrientationLandscapeLeft UIInterfaceOrientationLandscapeRight";
				INFOPLIST_KEY_UISupportedInterfaceOrientations_iPhone = "UIInterfaceOrientationPortrait UIInterfaceOrientationLandscapeLeft UIInterfaceOrientationLandscapeRight";
				LD_RUNPATH_SEARCH_PATHS = (
					"$(inherited)",
					"@executable_path/Frameworks",
				);
				MARKETING_VERSION = 1.0;
				PRODUCT_BUNDLE_IDENTIFIER = co.aalbahar.CarsApp;
				PRODUCT_NAME = "$(TARGET_NAME)";
				SWIFT_EMIT_LOC_STRINGS = YES;
				SWIFT_VERSION = 5.0;
				TARGETED_DEVICE_FAMILY = "1,2";
			};
			name = Release;
		};
/* End XCBuildConfiguration section */

/* Begin XCConfigurationList section */
		A339FD9F2B55DD4700BA9D93 /* Build configuration list for PBXProject "CarsApp" */ = {
			isa = XCConfigurationList;
			buildConfigurations = (
				A339FDB02B55DD4900BA9D93 /* Debug */,
				A339FDB12B55DD4900BA9D93 /* Release */,
			);
			defaultConfigurationIsVisible = 0;
			defaultConfigurationName = Release;
		};
		A339FDB22B55DD4900BA9D93 /* Build configuration list for PBXNativeTarget "CarsApp" */ = {
			isa = XCConfigurationList;
			buildConfigurations = (
				A339FDB32B55DD4900BA9D93 /* Debug */,
				A339FDB42B55DD4900BA9D93 /* Release */,
			);
			defaultConfigurationIsVisible = 0;
			defaultConfigurationName = Release;
		};
/* End XCConfigurationList section */
	};
	rootObject = A339FD9C2B55DD4700BA9D93 /* Project object */;
}
